// !$*UTF8*$!
{
	archiveVersion = 1;
	classes = {
	};
	objectVersion = 46;
	objects = {

/* Begin PBXBuildFile section */
		8AF832301C334CEC0063C48D /* AppDelegate.swift in Sources */ = {isa = PBXBuildFile; fileRef = 8AF8322F1C334CEC0063C48D /* AppDelegate.swift */; };
		8AF832321C334CEC0063C48D /* ViewController.swift in Sources */ = {isa = PBXBuildFile; fileRef = 8AF832311C334CEC0063C48D /* ViewController.swift */; };
		8AF832351C334CEC0063C48D /* Main.storyboard in Resources */ = {isa = PBXBuildFile; fileRef = 8AF832331C334CEC0063C48D /* Main.storyboard */; };
		8AF832371C334CEC0063C48D /* Assets.xcassets in Resources */ = {isa = PBXBuildFile; fileRef = 8AF832361C334CEC0063C48D /* Assets.xcassets */; };
		8AF8323A1C334CEC0063C48D /* LaunchScreen.storyboard in Resources */ = {isa = PBXBuildFile; fileRef = 8AF832381C334CEC0063C48D /* LaunchScreen.storyboard */; };
		8AF832441C33517D0063C48D /* pokemon.csv in Resources */ = {isa = PBXBuildFile; fileRef = 8AF832421C33517D0063C48D /* pokemon.csv */; };
/* End PBXBuildFile section */

/* Begin PBXFileReference section */
		8AF8322C1C334CEC0063C48D /* pokedex.app */ = {isa = PBXFileReference; explicitFileType = wrapper.application; includeInIndex = 0; path = pokedex.app; sourceTree = BUILT_PRODUCTS_DIR; };
		8AF8322F1C334CEC0063C48D /* AppDelegate.swift */ = {isa = PBXFileReference; lastKnownFileType = sourcecode.swift; path = AppDelegate.swift; sourceTree = "<group>"; };
		8AF832311C334CEC0063C48D /* ViewController.swift */ = {isa = PBXFileReference; lastKnownFileType = sourcecode.swift; path = ViewController.swift; sourceTree = "<group>"; };
		8AF832341C334CEC0063C48D /* Base */ = {isa = PBXFileReference; lastKnownFileType = file.storyboard; name = Base; path = Base.lproj/Main.storyboard; sourceTree = "<group>"; };
		8AF832361C334CEC0063C48D /* Assets.xcassets */ = {isa = PBXFileReference; lastKnownFileType = folder.assetcatalog; path = Assets.xcassets; sourceTree = "<group>"; };
		8AF832391C334CEC0063C48D /* Base */ = {isa = PBXFileReference; lastKnownFileType = file.storyboard; name = Base; path = Base.lproj/LaunchScreen.storyboard; sourceTree = "<group>"; };
		8AF8323B1C334CEC0063C48D /* Info.plist */ = {isa = PBXFileReference; lastKnownFileType = text.plist.xml; path = Info.plist; sourceTree = "<group>"; };
		8AF832421C33517D0063C48D /* pokemon.csv */ = {isa = PBXFileReference; fileEncoding = 4; lastKnownFileType = text; path = pokemon.csv; sourceTree = "<group>"; };
/* End PBXFileReference section */

/* Begin PBXFrameworksBuildPhase section */
		8AF832291C334CEC0063C48D /* Frameworks */ = {
			isa = PBXFrameworksBuildPhase;
			buildActionMask = 2147483647;
			files = (
			);
			runOnlyForDeploymentPostprocessing = 0;
		};
/* End PBXFrameworksBuildPhase section */

/* Begin PBXGroup section */
		8AF832231C334CEC0063C48D = {
			isa = PBXGroup;
			children = (
				8AF8322E1C334CEC0063C48D /* pokedex */,
				8AF8322D1C334CEC0063C48D /* Products */,
			);
			sourceTree = "<group>";
		};
		8AF8322D1C334CEC0063C48D /* Products */ = {
			isa = PBXGroup;
			children = (
				8AF8322C1C334CEC0063C48D /* pokedex.app */,
			);
			name = Products;
			sourceTree = "<group>";
		};
		8AF8322E1C334CEC0063C48D /* pokedex */ = {
			isa = PBXGroup;
			children = (
				8AF8322F1C334CEC0063C48D /* AppDelegate.swift */,
				8AF832311C334CEC0063C48D /* ViewController.swift */,
				8AF832421C33517D0063C48D /* pokemon.csv */,
				8AF832331C334CEC0063C48D /* Main.storyboard */,
				8AF832361C334CEC0063C48D /* Assets.xcassets */,
				8AF832381C334CEC0063C48D /* LaunchScreen.storyboard */,
				8AF8323B1C334CEC0063C48D /* Info.plist */,
			);
			path = pokedex;
			sourceTree = "<group>";
		};
/* End PBXGroup section */

/* Begin PBXNativeTarget section */
		8AF8322B1C334CEC0063C48D /* pokedex */ = {
			isa = PBXNativeTarget;
			buildConfigurationList = 8AF8323E1C334CEC0063C48D /* Build configuration list for PBXNativeTarget "pokedex" */;
			buildPhases = (
				8AF832281C334CEC0063C48D /* Sources */,
				8AF832291C334CEC0063C48D /* Frameworks */,
				8AF8322A1C334CEC0063C48D /* Resources */,
			);
			buildRules = (
			);
			dependencies = (
			);
			name = pokedex;
			productName = pokedex;
			productReference = 8AF8322C1C334CEC0063C48D /* pokedex.app */;
			productType = "com.apple.product-type.application";
		};
/* End PBXNativeTarget section */

/* Begin PBXProject section */
		8AF832241C334CEC0063C48D /* Project object */ = {
			isa = PBXProject;
			attributes = {
				LastSwiftUpdateCheck = 0720;
				LastUpgradeCheck = 0720;
				ORGANIZATIONNAME = "idiip Inc";
				TargetAttributes = {
					8AF8322B1C334CEC0063C48D = {
						CreatedOnToolsVersion = 7.2;
					};
				};
			};
			buildConfigurationList = 8AF832271C334CEC0063C48D /* Build configuration list for PBXProject "pokedex" */;
			compatibilityVersion = "Xcode 3.2";
			developmentRegion = English;
			hasScannedForEncodings = 0;
			knownRegions = (
				en,
				Base,
			);
			mainGroup = 8AF832231C334CEC0063C48D;
			productRefGroup = 8AF8322D1C334CEC0063C48D /* Products */;
			projectDirPath = "";
			projectRoot = "";
			targets = (
				8AF8322B1C334CEC0063C48D /* pokedex */,
			);
		};
/* End PBXProject section */

/* Begin PBXResourcesBuildPhase section */
		8AF8322A1C334CEC0063C48D /* Resources */ = {
			isa = PBXResourcesBuildPhase;
			buildActionMask = 2147483647;
			files = (
				8AF8323A1C334CEC0063C48D /* LaunchScreen.storyboard in Resources */,
				8AF832371C334CEC0063C48D /* Assets.xcassets in Resources */,
				8AF832351C334CEC0063C48D /* Main.storyboard in Resources */,
				8AF832441C33517D0063C48D /* pokemon.csv in Resources */,
			);
			runOnlyForDeploymentPostprocessing = 0;
		};
/* End PBXResourcesBuildPhase section */

/* Begin PBXSourcesBuildPhase section */
		8AF832281C334CEC0063C48D /* Sources */ = {
			isa = PBXSourcesBuildPhase;
			buildActionMask = 2147483647;
			files = (
				8AF832321C334CEC0063C48D /* ViewController.swift in Sources */,
				8AF832301C334CEC0063C48D /* AppDelegate.swift in Sources */,
			);
			runOnlyForDeploymentPostprocessing = 0;
		};
/* End PBXSourcesBuildPhase section */

/* Begin PBXVariantGroup section */
		8AF832331C334CEC0063C48D /* Main.storyboard */ = {
			isa = PBXVariantGroup;
			children = (
				8AF832341C334CEC0063C48D /* Base */,
			);
			name = Main.storyboard;
			sourceTree = "<group>";
		};
		8AF832381C334CEC0063C48D /* LaunchScreen.storyboard */ = {
			isa = PBXVariantGroup;
			children = (
				8AF832391C334CEC0063C48D /* Base */,
			);
			name = LaunchScreen.storyboard;
			sourceTree = "<group>";
		};
/* End PBXVariantGroup section */

/* Begin XCBuildConfiguration section */
		8AF8323C1C334CEC0063C48D /* Debug */ = {
			isa = XCBuildConfiguration;
			buildSettings = {
				ALWAYS_SEARCH_USER_PATHS = NO;
				CLANG_CXX_LANGUAGE_STANDARD = "gnu++0x";
				CLANG_CXX_LIBRARY = "libc++";
				CLANG_ENABLE_MODULES = YES;
				CLANG_ENABLE_OBJC_ARC = YES;
				CLANG_WARN_BOOL_CONVERSION = YES;
				CLANG_WARN_CONSTANT_CONVERSION = YES;
				CLANG_WARN_DIRECT_OBJC_ISA_USAGE = YES_ERROR;
				CLANG_WARN_EMPTY_BODY = YES;
				CLANG_WARN_ENUM_CONVERSION = YES;
				CLANG_WARN_INT_CONVERSION = YES;
				CLANG_WARN_OBJC_ROOT_CLASS = YES_ERROR;
				CLANG_WARN_UNREACHABLE_CODE = YES;
				CLANG_WARN__DUPLICATE_METHOD_MATCH = YES;
				"CODE_SIGN_IDENTITY[sdk=iphoneos*]" = "iPhone Developer";
				COPY_PHASE_STRIP = NO;
				DEBUG_INFORMATION_FORMAT = dwarf;
				ENABLE_STRICT_OBJC_MSGSEND = YES;
				ENABLE_TESTABILITY = YES;
				GCC_C_LANGUAGE_STANDARD = gnu99;
				GCC_DYNAMIC_NO_PIC = NO;
				GCC_NO_COMMON_BLOCKS = YES;
				GCC_OPTIMIZATION_LEVEL = 0;
				GCC_PREPROCESSOR_DEFINITIONS = (
					"DEBUG=1",
					"$(inherited)",
				);
				GCC_WARN_64_TO_32_BIT_CONVERSION = YES;
				GCC_WARN_ABOUT_RETURN_TYPE = YES_ERROR;
				GCC_WARN_UNDECLARED_SELECTOR = YES;
				GCC_WARN_UNINITIALIZED_AUTOS = YES_AGGRESSIVE;
				GCC_WARN_UNUSED_FUNCTION = YES;
				GCC_WARN_UNUSED_VARIABLE = YES;
				IPHONEOS_DEPLOYMENT_TARGET = 9.2;
				MTL_ENABLE_DEBUG_INFO = YES;
				ONLY_ACTIVE_ARCH = YES;
				SDKROOT = iphoneos;
				SWIFT_OPTIMIZATION_LEVEL = "-Onone";
			};
			name = Debug;
		};
		8AF8323D1C334CEC0063C48D /* Release */ = {
			isa = XCBuildConfiguration;
			buildSettings = {
				ALWAYS_SEARCH_USER_PATHS = NO;
				CLANG_CXX_LANGUAGE_STANDARD = "gnu++0x";
				CLANG_CXX_LIBRARY = "libc++";
				CLANG_ENABLE_MODULES = YES;
				CLANG_ENABLE_OBJC_ARC = YES;
				CLANG_WARN_BOOL_CONVERSION = YES;
				CLANG_WARN_CONSTANT_CONVERSION = YES;
				CLANG_WARN_DIRECT_OBJC_ISA_USAGE = YES_ERROR;
				CLANG_WARN_EMPTY_BODY = YES;
				CLANG_WARN_ENUM_CONVERSION = YES;
				CLANG_WARN_INT_CONVERSION = YES;
				CLANG_WARN_OBJC_ROOT_CLASS = YES_ERROR;
				CLANG_WARN_UNREACHABLE_CODE = YES;
				CLANG_WARN__DUPLICATE_METHOD_MATCH = YES;
				"CODE_SIGN_IDENTITY[sdk=iphoneos*]" = "iPhone Developer";
				COPY_PHASE_STRIP = NO;
				DEBUG_INFORMATION_FORMAT = "dwarf-with-dsym";
				ENABLE_NS_ASSERTIONS = NO;
				ENABLE_STRICT_OBJC_MSGSEND = YES;
				GCC_C_LANGUAGE_STANDARD = gnu99;
				GCC_NO_COMMON_BLOCKS = YES;
				GCC_WARN_64_TO_32_BIT_CONVERSION = YES;
				GCC_WARN_ABOUT_RETURN_TYPE = YES_ERROR;
				GCC_WARN_UNDECLARED_SELECTOR = YES;
				GCC_WARN_UNINITIALIZED_AUTOS = YES_AGGRESSIVE;
				GCC_WARN_UNUSED_FUNCTION = YES;
				GCC_WARN_UNUSED_VARIABLE = YES;
				IPHONEOS_DEPLOYMENT_TARGET = 9.2;
				MTL_ENABLE_DEBUG_INFO = NO;
				SDKROOT = iphoneos;
				VALIDATE_PRODUCT = YES;
			};
			name = Release;
		};
		8AF8323F1C334CEC0063C48D /* Debug */ = {
			isa = XCBuildConfiguration;
			buildSettings = {
				ASSETCATALOG_COMPILER_APPICON_NAME = AppIcon;
				INFOPLIST_FILE = pokedex/Info.plist;
				LD_RUNPATH_SEARCH_PATHS = "$(inherited) @executable_path/Frameworks";
				PRODUCT_BUNDLE_IDENTIFIER = ca.idiip.pokedex;
				PRODUCT_NAME = "$(TARGET_NAME)";
			};
			name = Debug;
		};
		8AF832401C334CEC0063C48D /* Release */ = {
			isa = XCBuildConfiguration;
			buildSettings = {
				ASSETCATALOG_COMPILER_APPICON_NAME = AppIcon;
				INFOPLIST_FILE = pokedex/Info.plist;
				LD_RUNPATH_SEARCH_PATHS = "$(inherited) @executable_path/Frameworks";
				PRODUCT_BUNDLE_IDENTIFIER = ca.idiip.pokedex;
				PRODUCT_NAME = "$(TARGET_NAME)";
			};
			name = Release;
		};
/* End XCBuildConfiguration section */

/* Begin XCConfigurationList section */
		8AF832271C334CEC0063C48D /* Build configuration list for PBXProject "pokedex" */ = {
			isa = XCConfigurationList;
			buildConfigurations = (
				8AF8323C1C334CEC0063C48D /* Debug */,
				8AF8323D1C334CEC0063C48D /* Release */,
			);
			defaultConfigurationIsVisible = 0;
			defaultConfigurationName = Release;
		};
		8AF8323E1C334CEC0063C48D /* Build configuration list for PBXNativeTarget "pokedex" */ = {
			isa = XCConfigurationList;
			buildConfigurations = (
				8AF8323F1C334CEC0063C48D /* Debug */,
				8AF832401C334CEC0063C48D /* Release */,
			);
			defaultConfigurationIsVisible = 0;
		};
/* End XCConfigurationList section */
	};
	rootObject = 8AF832241C334CEC0063C48D /* Project object */;
}
